
Microsoft Visual Studio Solution File, Format Version 12.00
# Visual Studio Version 16
VisualStudioVersion = 16.0.31515.178
MinimumVisualStudioVersion = 10.0.40219.1
Project("{9A19103F-16F7-4668-BE54-9A1E7A4F7556}") = "Client", "Client\Client.csproj", "{C5F06B20-311E-423A-AE1B-73C08AF73FC3}"
EndProject
Project("{9A19103F-16F7-4668-BE54-9A1E7A4F7556}") = "Common", "Common\Common.csproj", "{352A5751-BC74-4A41-A226-8DC13E9C00A9}"
EndProject
Project("{9A19103F-16F7-4668-BE54-9A1E7A4F7556}") = "Server", "Server\Server.csproj", "{D48AF35E-E7D4-44AC-9F13-211B0D4EBE7B}"
EndProject
Global
	GlobalSection(SolutionConfigurationPlatforms) = preSolution
		Debug|Any CPU = Debug|Any CPU
		Release|Any CPU = Release|Any CPU
	EndGlobalSection
	GlobalSection(ProjectConfigurationPlatforms) = postSolution
		{C5F06B20-311E-423A-AE1B-73C08AF73FC3}.Debug|Any CPU.ActiveCfg = Debug|Any CPU
		{C5F06B20-311E-423A-AE1B-73C08AF73FC3}.Debug|Any CPU.Build.0 = Debug|Any CPU
		{C5F06B20-311E-423A-AE1B-73C08AF73FC3}.Release|Any CPU.ActiveCfg = Release|Any CPU
		{C5F06B20-311E-423A-AE1B-73C08AF73FC3}.Release|Any CPU.Build.0 = Release|Any CPU
		{352A5751-BC74-4A41-A226-8DC13E9C00A9}.Debug|Any CPU.ActiveCfg = Debug|Any CPU
		{352A5751-BC74-4A41-A226-8DC13E9C00A9}.Debug|Any CPU.Build.0 = Debug|Any CPU
		{352A5751-BC74-4A41-A226-8DC13E9C00A9}.Release|Any CPU.ActiveCfg = Release|Any CPU
		{352A5751-BC74-4A41-A226-8DC13E9C00A9}.Release|Any CPU.Build.0 = Release|Any CPU
		{D48AF35E-E7D4-44AC-9F13-211B0D4EBE7B}.Debug|Any CPU.ActiveCfg = Debug|Any CPU
		{D48AF35E-E7D4-44AC-9F13-211B0D4EBE7B}.Debug|Any CPU.Build.0 = Debug|Any CPU
		{D48AF35E-E7D4-44AC-9F13-211B0D4EBE7B}.Release|Any CPU.ActiveCfg = Release|Any CPU
		{D48AF35E-E7D4-44AC-9F13-211B0D4EBE7B}.Release|Any CPU.Build.0 = Release|Any CPU
	EndGlobalSection
	GlobalSection(SolutionProperties) = preSolution
		HideSolutionNode = FALSE
	EndGlobalSection
	GlobalSection(ExtensibilityGlobals) = postSolution
		SolutionGuid = {84208B58-4867-4E4E-A033-C32651E456C3}
	EndGlobalSection
EndGlobal
